
Microsoft Visual Studio Solution File, Format Version 12.00
# Visual Studio Version 17
VisualStudioVersion = 17.3.32929.385
MinimumVisualStudioVersion = 10.0.40219.1
Project("{FAE04EC0-301F-11D3-BF4B-00C04F79EFBC}") = "ICT_1", "ICT_1\ICT_1.csproj", "{A20E3F1A-E2B2-4E37-BA5A-0BE20D74ED0C}"
EndProject
Global
	GlobalSection(SolutionConfigurationPlatforms) = preSolution
		Debug|Any CPU = Debug|Any CPU
		Release|Any CPU = Release|Any CPU
	EndGlobalSection
	GlobalSection(ProjectConfigurationPlatforms) = postSolution
		{A20E3F1A-E2B2-4E37-BA5A-0BE20D74ED0C}.Debug|Any CPU.ActiveCfg = Debug|Any CPU
		{A20E3F1A-E2B2-4E37-BA5A-0BE20D74ED0C}.Debug|Any CPU.Build.0 = Debug|Any CPU
		{A20E3F1A-E2B2-4E37-BA5A-0BE20D74ED0C}.Release|Any CPU.ActiveCfg = Release|Any CPU
		{A20E3F1A-E2B2-4E37-BA5A-0BE20D74ED0C}.Release|Any CPU.Build.0 = Release|Any CPU
	EndGlobalSection
	GlobalSection(SolutionProperties) = preSolution
		HideSolutionNode = FALSE
	EndGlobalSection
	GlobalSection(ExtensibilityGlobals) = postSolution
		SolutionGuid = {B3D3003C-8D44-4F6D-AB7C-B36CEB94E3D2}
	EndGlobalSection
EndGlobal
